
Microsoft Visual Studio Solution File, Format Version 12.00
# Visual Studio Version 16
VisualStudioVersion = 16.0.29911.84
MinimumVisualStudioVersion = 10.0.40219.1
Project("{FAE04EC0-301F-11D3-BF4B-00C04F79EFBC}") = "SimpleProjectToTestJenkinsCi.Android", "SimpleProjectToTestJenkinsCi.Android\SimpleProjectToTestJenkinsCi.Android.csproj", "{A615266A-3D33-49E3-AB67-4193241B5288}"
EndProject
Project("{FAE04EC0-301F-11D3-BF4B-00C04F79EFBC}") = "SimpleProjectToTestJenkinsCi.iOS", "SimpleProjectToTestJenkinsCi.iOS\SimpleProjectToTestJenkinsCi.iOS.csproj", "{A892F9D7-A09A-41C0-B10F-39A688EC205B}"
EndProject
Project("{FAE04EC0-301F-11D3-BF4B-00C04F79EFBC}") = "SimpleProjectToTestJenkinsCi", "SimpleProjectToTestJenkinsCi\SimpleProjectToTestJenkinsCi.csproj", "{E78F6510-1B55-46BF-98A6-AB90EDAFE004}"
EndProject
Project("{FAE04EC0-301F-11D3-BF4B-00C04F79EFBC}") = "SimpleProjectToTestJenkinsCi.UnitTests", "SimpleProjectToTestJenkinsCi.UnitTests\SimpleProjectToTestJenkinsCi.UnitTests.csproj", "{B9F0BB66-CF9D-4EFF-A81B-037EFA610B45}"
EndProject
Global
	GlobalSection(SolutionConfigurationPlatforms) = preSolution
		Debug|Any CPU = Debug|Any CPU
		Debug|iPhone = Debug|iPhone
		Debug|iPhoneSimulator = Debug|iPhoneSimulator
		Release|Any CPU = Release|Any CPU
		Release|iPhone = Release|iPhone
		Release|iPhoneSimulator = Release|iPhoneSimulator
	EndGlobalSection
	GlobalSection(ProjectConfigurationPlatforms) = postSolution
		{A615266A-3D33-49E3-AB67-4193241B5288}.Debug|Any CPU.ActiveCfg = Debug|Any CPU
		{A615266A-3D33-49E3-AB67-4193241B5288}.Debug|Any CPU.Build.0 = Debug|Any CPU
		{A615266A-3D33-49E3-AB67-4193241B5288}.Debug|Any CPU.Deploy.0 = Debug|Any CPU
		{A615266A-3D33-49E3-AB67-4193241B5288}.Debug|iPhone.ActiveCfg = Debug|Any CPU
		{A615266A-3D33-49E3-AB67-4193241B5288}.Debug|iPhone.Build.0 = Debug|Any CPU
		{A615266A-3D33-49E3-AB67-4193241B5288}.Debug|iPhone.Deploy.0 = Debug|Any CPU
		{A615266A-3D33-49E3-AB67-4193241B5288}.Debug|iPhoneSimulator.ActiveCfg = Debug|Any CPU
		{A615266A-3D33-49E3-AB67-4193241B5288}.Debug|iPhoneSimulator.Build.0 = Debug|Any CPU
		{A615266A-3D33-49E3-AB67-4193241B5288}.Debug|iPhoneSimulator.Deploy.0 = Debug|Any CPU
		{A615266A-3D33-49E3-AB67-4193241B5288}.Release|Any CPU.ActiveCfg = Release|Any CPU
		{A615266A-3D33-49E3-AB67-4193241B5288}.Release|Any CPU.Build.0 = Release|Any CPU
		{A615266A-3D33-49E3-AB67-4193241B5288}.Release|Any CPU.Deploy.0 = Release|Any CPU
		{A615266A-3D33-49E3-AB67-4193241B5288}.Release|iPhone.ActiveCfg = Release|Any CPU
		{A615266A-3D33-49E3-AB67-4193241B5288}.Release|iPhone.Build.0 = Release|Any CPU
		{A615266A-3D33-49E3-AB67-4193241B5288}.Release|iPhone.Deploy.0 = Release|Any CPU
		{A615266A-3D33-49E3-AB67-4193241B5288}.Release|iPhoneSimulator.ActiveCfg = Release|Any CPU
		{A615266A-3D33-49E3-AB67-4193241B5288}.Release|iPhoneSimulator.Build.0 = Release|Any CPU
		{A615266A-3D33-49E3-AB67-4193241B5288}.Release|iPhoneSimulator.Deploy.0 = Release|Any CPU
		{A892F9D7-A09A-41C0-B10F-39A688EC205B}.Debug|Any CPU.ActiveCfg = Debug|iPhone
		{A892F9D7-A09A-41C0-B10F-39A688EC205B}.Debug|Any CPU.Build.0 = Debug|iPhone
		{A892F9D7-A09A-41C0-B10F-39A688EC205B}.Debug|Any CPU.Deploy.0 = Debug|iPhone
		{A892F9D7-A09A-41C0-B10F-39A688EC205B}.Debug|iPhone.ActiveCfg = Debug|iPhone
		{A892F9D7-A09A-41C0-B10F-39A688EC205B}.Debug|iPhone.Build.0 = Debug|iPhone
		{A892F9D7-A09A-41C0-B10F-39A688EC205B}.Debug|iPhone.Deploy.0 = Debug|iPhone
		{A892F9D7-A09A-41C0-B10F-39A688EC205B}.Debug|iPhoneSimulator.ActiveCfg = Debug|iPhoneSimulator
		{A892F9D7-A09A-41C0-B10F-39A688EC205B}.Debug|iPhoneSimulator.Build.0 = Debug|iPhoneSimulator
		{A892F9D7-A09A-41C0-B10F-39A688EC205B}.Debug|iPhoneSimulator.Deploy.0 = Debug|iPhoneSimulator
		{A892F9D7-A09A-41C0-B10F-39A688EC205B}.Release|Any CPU.ActiveCfg = Release|iPhone
		{A892F9D7-A09A-41C0-B10F-39A688EC205B}.Release|Any CPU.Build.0 = Release|iPhone
		{A892F9D7-A09A-41C0-B10F-39A688EC205B}.Release|Any CPU.Deploy.0 = Release|iPhone
		{A892F9D7-A09A-41C0-B10F-39A688EC205B}.Release|iPhone.ActiveCfg = Release|iPhone
		{A892F9D7-A09A-41C0-B10F-39A688EC205B}.Release|iPhone.Build.0 = Release|iPhone
		{A892F9D7-A09A-41C0-B10F-39A688EC205B}.Release|iPhone.Deploy.0 = Release|iPhone
		{A892F9D7-A09A-41C0-B10F-39A688EC205B}.Release|iPhoneSimulator.ActiveCfg = Release|iPhoneSimulator
		{A892F9D7-A09A-41C0-B10F-39A688EC205B}.Release|iPhoneSimulator.Build.0 = Release|iPhoneSimulator
		{A892F9D7-A09A-41C0-B10F-39A688EC205B}.Release|iPhoneSimulator.Deploy.0 = Release|iPhoneSimulator
		{E78F6510-1B55-46BF-98A6-AB90EDAFE004}.Debug|Any CPU.ActiveCfg = Debug|Any CPU
		{E78F6510-1B55-46BF-98A6-AB90EDAFE004}.Debug|Any CPU.Build.0 = Debug|Any CPU
		{E78F6510-1B55-46BF-98A6-AB90EDAFE004}.Debug|Any CPU.Deploy.0 = Debug|Any CPU
		{E78F6510-1B55-46BF-98A6-AB90EDAFE004}.Debug|iPhone.ActiveCfg = Debug|Any CPU
		{E78F6510-1B55-46BF-98A6-AB90EDAFE004}.Debug|iPhone.Build.0 = Debug|Any CPU
		{E78F6510-1B55-46BF-98A6-AB90EDAFE004}.Debug|iPhone.Deploy.0 = Debug|Any CPU
		{E78F6510-1B55-46BF-98A6-AB90EDAFE004}.Debug|iPhoneSimulator.ActiveCfg = Debug|Any CPU
		{E78F6510-1B55-46BF-98A6-AB90EDAFE004}.Debug|iPhoneSimulator.Build.0 = Debug|Any CPU
		{E78F6510-1B55-46BF-98A6-AB90EDAFE004}.Debug|iPhoneSimulator.Deploy.0 = Debug|Any CPU
		{E78F6510-1B55-46BF-98A6-AB90EDAFE004}.Release|Any CPU.ActiveCfg = Release|Any CPU
		{E78F6510-1B55-46BF-98A6-AB90EDAFE004}.Release|Any CPU.Build.0 = Release|Any CPU
		{E78F6510-1B55-46BF-98A6-AB90EDAFE004}.Release|Any CPU.Deploy.0 = Release|Any CPU
		{E78F6510-1B55-46BF-98A6-AB90EDAFE004}.Release|iPhone.ActiveCfg = Release|Any CPU
		{E78F6510-1B55-46BF-98A6-AB90EDAFE004}.Release|iPhone.Build.0 = Release|Any CPU
		{E78F6510-1B55-46BF-98A6-AB90EDAFE004}.Release|iPhone.Deploy.0 = Release|Any CPU
		{E78F6510-1B55-46BF-98A6-AB90EDAFE004}.Release|iPhoneSimulator.ActiveCfg = Release|Any CPU
		{E78F6510-1B55-46BF-98A6-AB90EDAFE004}.Release|iPhoneSimulator.Build.0 = Release|Any CPU
		{E78F6510-1B55-46BF-98A6-AB90EDAFE004}.Release|iPhoneSimulator.Deploy.0 = Release|Any CPU
		{B9F0BB66-CF9D-4EFF-A81B-037EFA610B45}.Debug|Any CPU.ActiveCfg = Debug|Any CPU
		{B9F0BB66-CF9D-4EFF-A81B-037EFA610B45}.Debug|Any CPU.Build.0 = Debug|Any CPU
		{B9F0BB66-CF9D-4EFF-A81B-037EFA610B45}.Debug|iPhone.ActiveCfg = Debug|Any CPU
		{B9F0BB66-CF9D-4EFF-A81B-037EFA610B45}.Debug|iPhone.Build.0 = Debug|Any CPU
		{B9F0BB66-CF9D-4EFF-A81B-037EFA610B45}.Debug|iPhoneSimulator.ActiveCfg = Debug|Any CPU
		{B9F0BB66-CF9D-4EFF-A81B-037EFA610B45}.Debug|iPhoneSimulator.Build.0 = Debug|Any CPU
		{B9F0BB66-CF9D-4EFF-A81B-037EFA610B45}.Release|Any CPU.ActiveCfg = Release|Any CPU
		{B9F0BB66-CF9D-4EFF-A81B-037EFA610B45}.Release|Any CPU.Build.0 = Release|Any CPU
		{B9F0BB66-CF9D-4EFF-A81B-037EFA610B45}.Release|iPhone.ActiveCfg = Release|Any CPU
		{B9F0BB66-CF9D-4EFF-A81B-037EFA610B45}.Release|iPhone.Build.0 = Release|Any CPU
		{B9F0BB66-CF9D-4EFF-A81B-037EFA610B45}.Release|iPhoneSimulator.ActiveCfg = Release|Any CPU
		{B9F0BB66-CF9D-4EFF-A81B-037EFA610B45}.Release|iPhoneSimulator.Build.0 = Release|Any CPU
	EndGlobalSection
	GlobalSection(SolutionProperties) = preSolution
		HideSolutionNode = FALSE
	EndGlobalSection
	GlobalSection(ExtensibilityGlobals) = postSolution
		SolutionGuid = {988A9E1C-3AE5-4F33-8C5F-4F5CC0C2D535}
	EndGlobalSection
EndGlobal
